
Microsoft Visual Studio Solution File, Format Version 12.00
# Visual Studio Version 17
VisualStudioVersion = 17.14.36717.8 d17.14
MinimumVisualStudioVersion = 10.0.40219.1
Project("{FAE04EC0-301F-11D3-BF4B-00C04F79EFBC}") = "DotTracked", "DotTracked\DotTracked\DotTracked.csproj", "{EE0F880D-FB4D-49A6-82DA-AE37DFC3D2BF}"
EndProject
Project("{FAE04EC0-301F-11D3-BF4B-00C04F79EFBC}") = "DotTracked.Client", "DotTracked\DotTracked.Client\DotTracked.Client.csproj", "{008364BE-7068-4109-B632-955C57773C4D}"
EndProject
Global
	GlobalSection(SolutionConfigurationPlatforms) = preSolution
		Debug|Any CPU = Debug|Any CPU
		Release|Any CPU = Release|Any CPU
	EndGlobalSection
	GlobalSection(ProjectConfigurationPlatforms) = postSolution
		{EE0F880D-FB4D-49A6-82DA-AE37DFC3D2BF}.Debug|Any CPU.ActiveCfg = Debug|Any CPU
		{EE0F880D-FB4D-49A6-82DA-AE37DFC3D2BF}.Debug|Any CPU.Build.0 = Debug|Any CPU
		{EE0F880D-FB4D-49A6-82DA-AE37DFC3D2BF}.Release|Any CPU.ActiveCfg = Release|Any CPU
		{EE0F880D-FB4D-49A6-82DA-AE37DFC3D2BF}.Release|Any CPU.Build.0 = Release|Any CPU
		{008364BE-7068-4109-B632-955C57773C4D}.Debug|Any CPU.ActiveCfg = Debug|Any CPU
		{008364BE-7068-4109-B632-955C57773C4D}.Debug|Any CPU.Build.0 = Debug|Any CPU
		{008364BE-7068-4109-B632-955C57773C4D}.Release|Any CPU.ActiveCfg = Release|Any CPU
		{008364BE-7068-4109-B632-955C57773C4D}.Release|Any CPU.Build.0 = Release|Any CPU
	EndGlobalSection
	GlobalSection(SolutionProperties) = preSolution
		HideSolutionNode = FALSE
	EndGlobalSection
	GlobalSection(ExtensibilityGlobals) = postSolution
		SolutionGuid = {676931BF-05CA-48CA-8FEB-223AE2233E73}
	EndGlobalSection
EndGlobal
